
Microsoft Visual Studio Solution File, Format Version 12.00
# Visual Studio Version 17
VisualStudioVersion = 17.14.36310.24 d17.14
MinimumVisualStudioVersion = 10.0.40219.1
Project("{FAE04EC0-301F-11D3-BF4B-00C04F79EFBC}") = "Strings", "Strings\Strings.csproj", "{05F957B1-4CAA-441F-8208-61BD4C226CBF}"
EndProject
Global
	GlobalSection(SolutionConfigurationPlatforms) = preSolution
		Debug|Any CPU = Debug|Any CPU
		Release|Any CPU = Release|Any CPU
	EndGlobalSection
	GlobalSection(ProjectConfigurationPlatforms) = postSolution
		{05F957B1-4CAA-441F-8208-61BD4C226CBF}.Debug|Any CPU.ActiveCfg = Debug|Any CPU
		{05F957B1-4CAA-441F-8208-61BD4C226CBF}.Debug|Any CPU.Build.0 = Debug|Any CPU
		{05F957B1-4CAA-441F-8208-61BD4C226CBF}.Release|Any CPU.ActiveCfg = Release|Any CPU
		{05F957B1-4CAA-441F-8208-61BD4C226CBF}.Release|Any CPU.Build.0 = Release|Any CPU
	EndGlobalSection
	GlobalSection(SolutionProperties) = preSolution
		HideSolutionNode = FALSE
	EndGlobalSection
	GlobalSection(ExtensibilityGlobals) = postSolution
		SolutionGuid = {9553F76D-2EFA-40E9-BCCF-B048E7CA7E80}
	EndGlobalSection
EndGlobal
